{
  "nodes": {
    "nixpkgs": {
      "locked": {
        "lastModified": 1687340778,
        "narHash": "sha256-v83bXQ/eA+tIsPyjEmouCsfL65/Jc/6iLFP7XhaJFdM=",
        "owner": "NixOS",
        "repo": "nixpkgs",
        "rev": "c443448bad33a00d22049873ed1173e74cd3eae6",
        "type": "github"
      },
      "original": {
        "owner": "NixOS",
        "ref": "nixos-unstable-small",
        "repo": "nixpkgs",
        "type": "github"
      }
    },
    "root": {
      "inputs": {
        "nixpkgs": "nixpkgs"
      }
    }
  },
  "root": "root",
  "version": 7
}
